
Microsoft Visual Studio Solution File, Format Version 12.00
# Visual Studio Version 17
VisualStudioVersion = 17.5.33530.505
MinimumVisualStudioVersion = 10.0.40219.1
Project("{FAE04EC0-301F-11D3-BF4B-00C04F79EFBC}") = "AtividadeCpftest", "AtividadeCpftest\AtividadeCpftest.csproj", "{01C047D9-A666-44C8-9CB3-1E3AB91204CC}"
EndProject
Global
	GlobalSection(SolutionConfigurationPlatforms) = preSolution
		Debug|Any CPU = Debug|Any CPU
		Release|Any CPU = Release|Any CPU
	EndGlobalSection
	GlobalSection(ProjectConfigurationPlatforms) = postSolution
		{01C047D9-A666-44C8-9CB3-1E3AB91204CC}.Debug|Any CPU.ActiveCfg = Debug|Any CPU
		{01C047D9-A666-44C8-9CB3-1E3AB91204CC}.Debug|Any CPU.Build.0 = Debug|Any CPU
		{01C047D9-A666-44C8-9CB3-1E3AB91204CC}.Release|Any CPU.ActiveCfg = Release|Any CPU
		{01C047D9-A666-44C8-9CB3-1E3AB91204CC}.Release|Any CPU.Build.0 = Release|Any CPU
	EndGlobalSection
	GlobalSection(SolutionProperties) = preSolution
		HideSolutionNode = FALSE
	EndGlobalSection
	GlobalSection(ExtensibilityGlobals) = postSolution
		SolutionGuid = {81FE0BE7-B983-4BB0-B28B-12C2FE4BB44D}
	EndGlobalSection
EndGlobal
