
Microsoft Visual Studio Solution File, Format Version 12.00
# Visual Studio Version 17
VisualStudioVersion = 17.5.33530.505
MinimumVisualStudioVersion = 10.0.40219.1
Project("{FAE04EC0-301F-11D3-BF4B-00C04F79EFBC}") = "NewValidCPF", "NewValidCPF\NewValidCPF.csproj", "{947F65F2-5763-4987-96C7-EBED60301099}"
EndProject
Global
	GlobalSection(SolutionConfigurationPlatforms) = preSolution
		Debug|Any CPU = Debug|Any CPU
		Release|Any CPU = Release|Any CPU
	EndGlobalSection
	GlobalSection(ProjectConfigurationPlatforms) = postSolution
		{947F65F2-5763-4987-96C7-EBED60301099}.Debug|Any CPU.ActiveCfg = Debug|Any CPU
		{947F65F2-5763-4987-96C7-EBED60301099}.Debug|Any CPU.Build.0 = Debug|Any CPU
		{947F65F2-5763-4987-96C7-EBED60301099}.Release|Any CPU.ActiveCfg = Release|Any CPU
		{947F65F2-5763-4987-96C7-EBED60301099}.Release|Any CPU.Build.0 = Release|Any CPU
	EndGlobalSection
	GlobalSection(SolutionProperties) = preSolution
		HideSolutionNode = FALSE
	EndGlobalSection
	GlobalSection(ExtensibilityGlobals) = postSolution
		SolutionGuid = {B47E2DCB-948D-4477-B84A-DE0532624375}
	EndGlobalSection
EndGlobal
