
Microsoft Visual Studio Solution File, Format Version 12.00
# Visual Studio Version 17
VisualStudioVersion = 17.5.33530.505
MinimumVisualStudioVersion = 10.0.40219.1
Project("{FAE04EC0-301F-11D3-BF4B-00C04F79EFBC}") = "ValidacaoCnpjCpf", "ValidacaoCnpjCpf\ValidacaoCnpjCpf.csproj", "{944C3E22-0F74-4BE3-BE49-3811C4C6DF6D}"
EndProject
Global
	GlobalSection(SolutionConfigurationPlatforms) = preSolution
		Debug|Any CPU = Debug|Any CPU
		Release|Any CPU = Release|Any CPU
	EndGlobalSection
	GlobalSection(ProjectConfigurationPlatforms) = postSolution
		{944C3E22-0F74-4BE3-BE49-3811C4C6DF6D}.Debug|Any CPU.ActiveCfg = Debug|Any CPU
		{944C3E22-0F74-4BE3-BE49-3811C4C6DF6D}.Debug|Any CPU.Build.0 = Debug|Any CPU
		{944C3E22-0F74-4BE3-BE49-3811C4C6DF6D}.Release|Any CPU.ActiveCfg = Release|Any CPU
		{944C3E22-0F74-4BE3-BE49-3811C4C6DF6D}.Release|Any CPU.Build.0 = Release|Any CPU
	EndGlobalSection
	GlobalSection(SolutionProperties) = preSolution
		HideSolutionNode = FALSE
	EndGlobalSection
	GlobalSection(ExtensibilityGlobals) = postSolution
		SolutionGuid = {2A0694D9-F0DD-4C57-9979-5E22CF8D528E}
	EndGlobalSection
EndGlobal
